
Microsoft Visual Studio Solution File, Format Version 12.00
# Visual Studio Version 17
VisualStudioVersion = 17.3.32825.248
MinimumVisualStudioVersion = 10.0.40219.1
Project("{FAE04EC0-301F-11D3-BF4B-00C04F79EFBC}") = "LINQtest", "LINQtest.csproj", "{0C39DFFE-3C72-4949-9330-356D844068B8}"
EndProject
Global
	GlobalSection(SolutionConfigurationPlatforms) = preSolution
		Debug|Any CPU = Debug|Any CPU
		Release|Any CPU = Release|Any CPU
	EndGlobalSection
	GlobalSection(ProjectConfigurationPlatforms) = postSolution
		{0C39DFFE-3C72-4949-9330-356D844068B8}.Debug|Any CPU.ActiveCfg = Debug|Any CPU
		{0C39DFFE-3C72-4949-9330-356D844068B8}.Debug|Any CPU.Build.0 = Debug|Any CPU
		{0C39DFFE-3C72-4949-9330-356D844068B8}.Release|Any CPU.ActiveCfg = Release|Any CPU
		{0C39DFFE-3C72-4949-9330-356D844068B8}.Release|Any CPU.Build.0 = Release|Any CPU
	EndGlobalSection
	GlobalSection(SolutionProperties) = preSolution
		HideSolutionNode = FALSE
	EndGlobalSection
	GlobalSection(ExtensibilityGlobals) = postSolution
		SolutionGuid = {4E92ED83-CF64-4413-A437-604B96AC3529}
	EndGlobalSection
EndGlobal
